
Microsoft Visual Studio Solution File, Format Version 12.00
# Visual Studio Version 17
VisualStudioVersion = 17.0.32112.339
MinimumVisualStudioVersion = 10.0.40219.1
Project("{9A19103F-16F7-4668-BE54-9A1E7A4F7556}") = "Airsoft.AbstractFactory", "Airsoft.AbstractFactory\Airsoft.AbstractFactory.csproj", "{F24F270B-A99B-4288-993C-933D41B6439F}"
EndProject
Project("{9A19103F-16F7-4668-BE54-9A1E7A4F7556}") = "Airsoft.Builder", "Airsoft.Builder\Airsoft.Builder.csproj", "{9E8B92FA-30E8-4FB9-A8CC-1E9D3737E963}"
EndProject
Project("{9A19103F-16F7-4668-BE54-9A1E7A4F7556}") = "Airsoft.FactoryMethod", "Airsoft.FactoryMethod\Airsoft.FactoryMethod.csproj", "{A5AE6E15-B243-4B97-94E7-5043F10897F5}"
EndProject
Project("{9A19103F-16F7-4668-BE54-9A1E7A4F7556}") = "Airsoft.Prototype", "Airsoft.Prototype\Airsoft.Prototype.csproj", "{68139CE4-5A79-4347-8044-8441C53C4FBB}"
EndProject
Project("{9A19103F-16F7-4668-BE54-9A1E7A4F7556}") = "Airsoft.Singleton", "Airsoft.Singleton\Airsoft.Singleton.csproj", "{D8E622CE-7F50-44F8-AD1C-3C6BD6EC85F8}"
EndProject
Project("{9A19103F-16F7-4668-BE54-9A1E7A4F7556}") = "Airsoft.Composite", "Airsoft.Composite\Airsoft.Composite.csproj", "{F6EE3610-1AD2-4F05-A00B-E068759F4C05}"
EndProject
Project("{FAE04EC0-301F-11D3-BF4B-00C04F79EFBC}") = "Airsoft.Brigde", "Airsoft.Brigde\Airsoft.Brigde.csproj", "{064EC3AD-3062-43A1-849C-4B7E68795794}"
EndProject
Global
	GlobalSection(SolutionConfigurationPlatforms) = preSolution
		Debug|Any CPU = Debug|Any CPU
		Release|Any CPU = Release|Any CPU
	EndGlobalSection
	GlobalSection(ProjectConfigurationPlatforms) = postSolution
		{F24F270B-A99B-4288-993C-933D41B6439F}.Debug|Any CPU.ActiveCfg = Debug|Any CPU
		{F24F270B-A99B-4288-993C-933D41B6439F}.Debug|Any CPU.Build.0 = Debug|Any CPU
		{F24F270B-A99B-4288-993C-933D41B6439F}.Release|Any CPU.ActiveCfg = Release|Any CPU
		{F24F270B-A99B-4288-993C-933D41B6439F}.Release|Any CPU.Build.0 = Release|Any CPU
		{9E8B92FA-30E8-4FB9-A8CC-1E9D3737E963}.Debug|Any CPU.ActiveCfg = Debug|Any CPU
		{9E8B92FA-30E8-4FB9-A8CC-1E9D3737E963}.Debug|Any CPU.Build.0 = Debug|Any CPU
		{9E8B92FA-30E8-4FB9-A8CC-1E9D3737E963}.Release|Any CPU.ActiveCfg = Release|Any CPU
		{9E8B92FA-30E8-4FB9-A8CC-1E9D3737E963}.Release|Any CPU.Build.0 = Release|Any CPU
		{A5AE6E15-B243-4B97-94E7-5043F10897F5}.Debug|Any CPU.ActiveCfg = Debug|Any CPU
		{A5AE6E15-B243-4B97-94E7-5043F10897F5}.Debug|Any CPU.Build.0 = Debug|Any CPU
		{A5AE6E15-B243-4B97-94E7-5043F10897F5}.Release|Any CPU.ActiveCfg = Release|Any CPU
		{A5AE6E15-B243-4B97-94E7-5043F10897F5}.Release|Any CPU.Build.0 = Release|Any CPU
		{68139CE4-5A79-4347-8044-8441C53C4FBB}.Debug|Any CPU.ActiveCfg = Debug|Any CPU
		{68139CE4-5A79-4347-8044-8441C53C4FBB}.Debug|Any CPU.Build.0 = Debug|Any CPU
		{68139CE4-5A79-4347-8044-8441C53C4FBB}.Release|Any CPU.ActiveCfg = Release|Any CPU
		{68139CE4-5A79-4347-8044-8441C53C4FBB}.Release|Any CPU.Build.0 = Release|Any CPU
		{D8E622CE-7F50-44F8-AD1C-3C6BD6EC85F8}.Debug|Any CPU.ActiveCfg = Debug|Any CPU
		{D8E622CE-7F50-44F8-AD1C-3C6BD6EC85F8}.Debug|Any CPU.Build.0 = Debug|Any CPU
		{D8E622CE-7F50-44F8-AD1C-3C6BD6EC85F8}.Release|Any CPU.ActiveCfg = Release|Any CPU
		{D8E622CE-7F50-44F8-AD1C-3C6BD6EC85F8}.Release|Any CPU.Build.0 = Release|Any CPU
		{F6EE3610-1AD2-4F05-A00B-E068759F4C05}.Debug|Any CPU.ActiveCfg = Debug|Any CPU
		{F6EE3610-1AD2-4F05-A00B-E068759F4C05}.Debug|Any CPU.Build.0 = Debug|Any CPU
		{F6EE3610-1AD2-4F05-A00B-E068759F4C05}.Release|Any CPU.ActiveCfg = Release|Any CPU
		{F6EE3610-1AD2-4F05-A00B-E068759F4C05}.Release|Any CPU.Build.0 = Release|Any CPU
		{064EC3AD-3062-43A1-849C-4B7E68795794}.Debug|Any CPU.ActiveCfg = Debug|Any CPU
		{064EC3AD-3062-43A1-849C-4B7E68795794}.Debug|Any CPU.Build.0 = Debug|Any CPU
		{064EC3AD-3062-43A1-849C-4B7E68795794}.Release|Any CPU.ActiveCfg = Release|Any CPU
		{064EC3AD-3062-43A1-849C-4B7E68795794}.Release|Any CPU.Build.0 = Release|Any CPU
	EndGlobalSection
	GlobalSection(SolutionProperties) = preSolution
		HideSolutionNode = FALSE
	EndGlobalSection
	GlobalSection(ExtensibilityGlobals) = postSolution
		SolutionGuid = {2159FA3B-519A-4617-8AC7-4BE146FC3F5C}
	EndGlobalSection
EndGlobal
